
Microsoft Visual Studio Solution File, Format Version 12.00
# Visual Studio Version 17
VisualStudioVersion = 17.14.35806.103 d17.14
MinimumVisualStudioVersion = 10.0.40219.1
Project("{FAE04EC0-301F-11D3-BF4B-00C04F79EFBC}") = "tpmodul10_103022300034", "tpmodul10_103022300034\tpmodul10_103022300034.csproj", "{33DBF397-AC15-493B-82E2-D400E3BE94B7}"
EndProject
Global
	GlobalSection(SolutionConfigurationPlatforms) = preSolution
		Debug|Any CPU = Debug|Any CPU
		Release|Any CPU = Release|Any CPU
	EndGlobalSection
	GlobalSection(ProjectConfigurationPlatforms) = postSolution
		{33DBF397-AC15-493B-82E2-D400E3BE94B7}.Debug|Any CPU.ActiveCfg = Debug|Any CPU
		{33DBF397-AC15-493B-82E2-D400E3BE94B7}.Debug|Any CPU.Build.0 = Debug|Any CPU
		{33DBF397-AC15-493B-82E2-D400E3BE94B7}.Release|Any CPU.ActiveCfg = Release|Any CPU
		{33DBF397-AC15-493B-82E2-D400E3BE94B7}.Release|Any CPU.Build.0 = Release|Any CPU
	EndGlobalSection
	GlobalSection(SolutionProperties) = preSolution
		HideSolutionNode = FALSE
	EndGlobalSection
	GlobalSection(ExtensibilityGlobals) = postSolution
		SolutionGuid = {162251F1-A92D-47F3-AAC0-8A8291DD128E}
	EndGlobalSection
EndGlobal
